
Microsoft Visual Studio Solution File, Format Version 12.00
# Visual Studio Version 17
VisualStudioVersion = 17.3.32901.215
MinimumVisualStudioVersion = 10.0.40219.1
Project("{FAE04EC0-301F-11D3-BF4B-00C04F79EFBC}") = "FrequencyAnalysis", "FrequencyAnalysis\FrequencyAnalysis.csproj", "{3438DCA5-AF4D-437E-ADBE-8EFCBEE2B0F3}"
EndProject
Project("{FAE04EC0-301F-11D3-BF4B-00C04F79EFBC}") = "FrequencyAnalysis.UnitTests", "FrequencyAnalysis.UnitTests\FrequencyAnalysis.UnitTests.csproj", "{F87BA3B8-2DCE-48E2-AA6D-E79FF06009EF}"
EndProject
Global
	GlobalSection(SolutionConfigurationPlatforms) = preSolution
		Debug|Any CPU = Debug|Any CPU
		Release|Any CPU = Release|Any CPU
	EndGlobalSection
	GlobalSection(ProjectConfigurationPlatforms) = postSolution
		{3438DCA5-AF4D-437E-ADBE-8EFCBEE2B0F3}.Debug|Any CPU.ActiveCfg = Debug|Any CPU
		{3438DCA5-AF4D-437E-ADBE-8EFCBEE2B0F3}.Debug|Any CPU.Build.0 = Debug|Any CPU
		{3438DCA5-AF4D-437E-ADBE-8EFCBEE2B0F3}.Release|Any CPU.ActiveCfg = Release|Any CPU
		{3438DCA5-AF4D-437E-ADBE-8EFCBEE2B0F3}.Release|Any CPU.Build.0 = Release|Any CPU
		{F87BA3B8-2DCE-48E2-AA6D-E79FF06009EF}.Debug|Any CPU.ActiveCfg = Debug|Any CPU
		{F87BA3B8-2DCE-48E2-AA6D-E79FF06009EF}.Debug|Any CPU.Build.0 = Debug|Any CPU
		{F87BA3B8-2DCE-48E2-AA6D-E79FF06009EF}.Release|Any CPU.ActiveCfg = Release|Any CPU
		{F87BA3B8-2DCE-48E2-AA6D-E79FF06009EF}.Release|Any CPU.Build.0 = Release|Any CPU
	EndGlobalSection
	GlobalSection(SolutionProperties) = preSolution
		HideSolutionNode = FALSE
	EndGlobalSection
	GlobalSection(ExtensibilityGlobals) = postSolution
		SolutionGuid = {5F5BCA40-F62F-42A9-B819-D930D864E0F4}
	EndGlobalSection
EndGlobal
